
Microsoft Visual Studio Solution File, Format Version 12.00
# Visual Studio 14
VisualStudioVersion = 14.0.25420.1
MinimumVisualStudioVersion = 10.0.40219.1
Project("{FAE04EC0-301F-11D3-BF4B-00C04F79EFBC}") = "WebCraping", "WebCraping\WebCraping.csproj", "{62F1D0AB-44AA-49E8-9AAE-65FB9C536318}"
EndProject
Project("{FAE04EC0-301F-11D3-BF4B-00C04F79EFBC}") = "DwList", "DwList\DwList.csproj", "{DA37074C-A347-483F-A8E1-148B03D8FC5E}"
EndProject
Global
	GlobalSection(SolutionConfigurationPlatforms) = preSolution
		Debug|Any CPU = Debug|Any CPU
		Release|Any CPU = Release|Any CPU
	EndGlobalSection
	GlobalSection(ProjectConfigurationPlatforms) = postSolution
		{62F1D0AB-44AA-49E8-9AAE-65FB9C536318}.Debug|Any CPU.ActiveCfg = Debug|Any CPU
		{62F1D0AB-44AA-49E8-9AAE-65FB9C536318}.Debug|Any CPU.Build.0 = Debug|Any CPU
		{62F1D0AB-44AA-49E8-9AAE-65FB9C536318}.Release|Any CPU.ActiveCfg = Release|Any CPU
		{62F1D0AB-44AA-49E8-9AAE-65FB9C536318}.Release|Any CPU.Build.0 = Release|Any CPU
		{DA37074C-A347-483F-A8E1-148B03D8FC5E}.Debug|Any CPU.ActiveCfg = Debug|Any CPU
		{DA37074C-A347-483F-A8E1-148B03D8FC5E}.Debug|Any CPU.Build.0 = Debug|Any CPU
		{DA37074C-A347-483F-A8E1-148B03D8FC5E}.Release|Any CPU.ActiveCfg = Release|Any CPU
		{DA37074C-A347-483F-A8E1-148B03D8FC5E}.Release|Any CPU.Build.0 = Release|Any CPU
	EndGlobalSection
	GlobalSection(SolutionProperties) = preSolution
		HideSolutionNode = FALSE
	EndGlobalSection
EndGlobal
